<?xml version="1.0" encoding="utf-8"?>
<Project ToolsVersion="4.0" xmlns="http://schemas.microsoft.com/developer/msbuild/2003">
  <ItemGroup>
    <Filter Include="Исходные файлы">
      <UniqueIdentifier>{4FC737F1-C7A5-4376-A066-2A32D752A2FF}</UniqueIdentifier>
      <Extensions>cpp;c;cc;cxx;c++;cppm;ixx;def;odl;idl;hpj;bat;asm;asmx</Extensions>
    </Filter>
    <Filter Include="Файлы заголовков">
      <UniqueIdentifier>{93995380-89BD-4b04-88EB-625FBE52EBFB}</UniqueIdentifier>
      <Extensions>h;hh;hpp;hxx;h++;hm;inl;inc;ipp;xsd</Extensions>
    </Filter>
    <Filter Include="Файлы ресурсов">
      <UniqueIdentifier>{67DA6AB6-F800-4c08-8B7A-83BB121AAD01}</UniqueIdentifier>
      <Extensions>rc;ico;cur;bmp;dlg;rc2;rct;bin;rgs;gif;jpg;jpeg;jpe;resx;tiff;tif;png;wav;mfcribbon-ms</Extensions>
    </Filter>
    <Filter Include="Файлы заголовков\Visual">
      <UniqueIdentifier>{d1bc19d0-1c02-4098-bc6e-6d38bc203020}</UniqueIdentifier>
    </Filter>
    <Filter Include="Исходные файлы\Visual">
      <UniqueIdentifier>{2271b59d-e63c-4de3-a608-3815139c6073}</UniqueIdentifier>
    </Filter>
    <Filter Include="Файлы заголовков\Neural">
      <UniqueIdentifier>{59b8f054-2cad-44fa-84f6-a7c36791266e}</UniqueIdentifier>
    </Filter>
    <Filter Include="Исходные файлы\Neural">
      <UniqueIdentifier>{c95e6b8b-1dae-4ba0-a93d-6332e3948def}</UniqueIdentifier>
    </Filter>
    <Filter Include="Файлы заголовков\Neural\Visual">
      <UniqueIdentifier>{3d52eef7-a210-4677-ad36-ded227003e27}</UniqueIdentifier>
    </Filter>
    <Filter Include="Исходные файлы\Neural\Visual">
      <UniqueIdentifier>{1dd453b1-42e1-41ca-88d7-4eda765c75a2}</UniqueIdentifier>
    </Filter>
    <Filter Include="Файлы заголовков\Imaging">
      <UniqueIdentifier>{9d937b14-84c2-43c3-b135-267fa53ff571}</UniqueIdentifier>
    </Filter>
    <Filter Include="Исходные файлы\Imaging">
      <UniqueIdentifier>{07277f2b-1ca6-49c2-8e5a-69bd63ffcdbb}</UniqueIdentifier>
    </Filter>
  </ItemGroup>
  <ItemGroup>
    <ClInclude Include="NeuralNet\Visual\NeuralNetMenu.h">
      <Filter>Файлы заголовков\Neural\Visual</Filter>
    </ClInclude>
    <ClInclude Include="NeuralNet\ActivationFunc.h">
      <Filter>Файлы заголовков\Neural</Filter>
    </ClInclude>
    <ClInclude Include="NeuralNet\Matrix.h">
      <Filter>Файлы заголовков\Neural</Filter>
    </ClInclude>
    <ClInclude Include="NeuralNet\Net.h">
      <Filter>Файлы заголовков\Neural</Filter>
    </ClInclude>
    <ClInclude Include="NeuralNet\NetLoader.h">
      <Filter>Файлы заголовков\Neural</Filter>
    </ClInclude>
    <ClInclude Include="Visual\Buttons.h">
      <Filter>Файлы заголовков\Visual</Filter>
    </ClInclude>
    <ClInclude Include="Visual\Menu.h">
      <Filter>Файлы заголовков\Visual</Filter>
    </ClInclude>
    <ClInclude Include="Visual\TConsole.h">
      <Filter>Файлы заголовков\Visual</Filter>
    </ClInclude>
    <ClInclude Include="Visual\Utils.h">
      <Filter>Файлы заголовков\Visual</Filter>
    </ClInclude>
    <ClInclude Include="NeuralNet\Trainer.h">
      <Filter>Файлы заголовков\Neural</Filter>
    </ClInclude>
    <ClInclude Include="Imaging\Image.h">
      <Filter>Файлы заголовков\Imaging</Filter>
    </ClInclude>
  </ItemGroup>
  <ItemGroup>
    <ClCompile Include="Source.cpp">
      <Filter>Исходные файлы</Filter>
    </ClCompile>
    <ClCompile Include="NeuralNet\Visual\NeuralNetMenu.cpp">
      <Filter>Исходные файлы\Neural\Visual</Filter>
    </ClCompile>
    <ClCompile Include="Visual\Buttons.cpp">
      <Filter>Исходные файлы\Visual</Filter>
    </ClCompile>
    <ClCompile Include="Visual\Menu.cpp">
      <Filter>Исходные файлы\Visual</Filter>
    </ClCompile>
    <ClCompile Include="Visual\TConsole.cpp">
      <Filter>Исходные файлы\Visual</Filter>
    </ClCompile>
    <ClCompile Include="Visual\Utils.cpp">
      <Filter>Исходные файлы\Visual</Filter>
    </ClCompile>
    <ClCompile Include="NeuralNet\Trainer.cpp">
      <Filter>Исходные файлы\Neural</Filter>
    </ClCompile>
  </ItemGroup>
</Project>